
Microsoft Visual Studio Solution File, Format Version 12.00
# Visual Studio 2012
Project("{FAE04EC0-301F-11D3-BF4B-00C04F79EFBC}") = "Monitor_qtx.Infrastructure", "Monitor_qtx.Infrastructure\Monitor_qtx.Infrastructure.csproj", "{B763455B-B833-4914-9E74-42370DA52918}"
EndProject
Project("{FAE04EC0-301F-11D3-BF4B-00C04F79EFBC}") = "Monitor_qtx.Service", "Monitor_qtx.Service\Monitor_qtx.Service.csproj", "{33733A7F-0102-45A2-B506-7B1E18046342}"
EndProject
Project("{FAE04EC0-301F-11D3-BF4B-00C04F79EFBC}") = "Monitor_qtx.Web", "Monitor_qtx.Web\Monitor_qtx.Web.csproj", "{4B41F5EC-59A4-431E-8B80-61F263982FB2}"
EndProject
Global
	GlobalSection(SolutionConfigurationPlatforms) = preSolution
		Debug|Any CPU = Debug|Any CPU
		Release|Any CPU = Release|Any CPU
	EndGlobalSection
	GlobalSection(ProjectConfigurationPlatforms) = postSolution
		{B763455B-B833-4914-9E74-42370DA52918}.Debug|Any CPU.ActiveCfg = Debug|Any CPU
		{B763455B-B833-4914-9E74-42370DA52918}.Debug|Any CPU.Build.0 = Debug|Any CPU
		{B763455B-B833-4914-9E74-42370DA52918}.Release|Any CPU.ActiveCfg = Release|Any CPU
		{B763455B-B833-4914-9E74-42370DA52918}.Release|Any CPU.Build.0 = Release|Any CPU
		{33733A7F-0102-45A2-B506-7B1E18046342}.Debug|Any CPU.ActiveCfg = Debug|Any CPU
		{33733A7F-0102-45A2-B506-7B1E18046342}.Debug|Any CPU.Build.0 = Debug|Any CPU
		{33733A7F-0102-45A2-B506-7B1E18046342}.Release|Any CPU.ActiveCfg = Release|Any CPU
		{33733A7F-0102-45A2-B506-7B1E18046342}.Release|Any CPU.Build.0 = Release|Any CPU
		{4B41F5EC-59A4-431E-8B80-61F263982FB2}.Debug|Any CPU.ActiveCfg = Debug|Any CPU
		{4B41F5EC-59A4-431E-8B80-61F263982FB2}.Debug|Any CPU.Build.0 = Debug|Any CPU
		{4B41F5EC-59A4-431E-8B80-61F263982FB2}.Release|Any CPU.ActiveCfg = Release|Any CPU
		{4B41F5EC-59A4-431E-8B80-61F263982FB2}.Release|Any CPU.Build.0 = Release|Any CPU
	EndGlobalSection
	GlobalSection(SolutionProperties) = preSolution
		HideSolutionNode = FALSE
	EndGlobalSection
EndGlobal
